
Microsoft Visual Studio Solution File, Format Version 12.00
# Visual Studio Version 17
VisualStudioVersion = 17.4.33103.184
MinimumVisualStudioVersion = 10.0.40219.1
Project("{FAE04EC0-301F-11D3-BF4B-00C04F79EFBC}") = "Verkettungsoperator", "Verkettungsoperator\Verkettungsoperator.csproj", "{AE211DCC-26B1-458D-AFE7-0A25825D79A2}"
EndProject
Global
	GlobalSection(SolutionConfigurationPlatforms) = preSolution
		Debug|Any CPU = Debug|Any CPU
		Release|Any CPU = Release|Any CPU
	EndGlobalSection
	GlobalSection(ProjectConfigurationPlatforms) = postSolution
		{AE211DCC-26B1-458D-AFE7-0A25825D79A2}.Debug|Any CPU.ActiveCfg = Debug|Any CPU
		{AE211DCC-26B1-458D-AFE7-0A25825D79A2}.Debug|Any CPU.Build.0 = Debug|Any CPU
		{AE211DCC-26B1-458D-AFE7-0A25825D79A2}.Release|Any CPU.ActiveCfg = Release|Any CPU
		{AE211DCC-26B1-458D-AFE7-0A25825D79A2}.Release|Any CPU.Build.0 = Release|Any CPU
	EndGlobalSection
	GlobalSection(SolutionProperties) = preSolution
		HideSolutionNode = FALSE
	EndGlobalSection
	GlobalSection(ExtensibilityGlobals) = postSolution
		SolutionGuid = {A4CC4B2E-7084-4FF7-A555-916091B33200}
	EndGlobalSection
EndGlobal
