
Microsoft Visual Studio Solution File, Format Version 12.00
# Visual Studio Version 17
VisualStudioVersion = 17.4.33103.184
MinimumVisualStudioVersion = 10.0.40219.1
Project("{FAE04EC0-301F-11D3-BF4B-00C04F79EFBC}") = "LogischeOperatoren", "LogischeOperatoren\LogischeOperatoren.csproj", "{867F9561-E097-457F-A576-7F54353B1319}"
EndProject
Global
	GlobalSection(SolutionConfigurationPlatforms) = preSolution
		Debug|Any CPU = Debug|Any CPU
		Release|Any CPU = Release|Any CPU
	EndGlobalSection
	GlobalSection(ProjectConfigurationPlatforms) = postSolution
		{867F9561-E097-457F-A576-7F54353B1319}.Debug|Any CPU.ActiveCfg = Debug|Any CPU
		{867F9561-E097-457F-A576-7F54353B1319}.Debug|Any CPU.Build.0 = Debug|Any CPU
		{867F9561-E097-457F-A576-7F54353B1319}.Release|Any CPU.ActiveCfg = Release|Any CPU
		{867F9561-E097-457F-A576-7F54353B1319}.Release|Any CPU.Build.0 = Release|Any CPU
	EndGlobalSection
	GlobalSection(SolutionProperties) = preSolution
		HideSolutionNode = FALSE
	EndGlobalSection
	GlobalSection(ExtensibilityGlobals) = postSolution
		SolutionGuid = {282A792B-3924-4A12-8536-30E606CACDCE}
	EndGlobalSection
EndGlobal
