
Microsoft Visual Studio Solution File, Format Version 12.00
# Visual Studio Version 17
VisualStudioVersion = 17.4.33103.184
MinimumVisualStudioVersion = 10.0.40219.1
Project("{FAE04EC0-301F-11D3-BF4B-00C04F79EFBC}") = "Gueltigkeitsbereich2", "Gueltigkeitsbereich2\Gueltigkeitsbereich2.csproj", "{B3BF88D8-1938-4239-A8E4-FDF7C981376B}"
EndProject
Global
	GlobalSection(SolutionConfigurationPlatforms) = preSolution
		Debug|Any CPU = Debug|Any CPU
		Release|Any CPU = Release|Any CPU
	EndGlobalSection
	GlobalSection(ProjectConfigurationPlatforms) = postSolution
		{B3BF88D8-1938-4239-A8E4-FDF7C981376B}.Debug|Any CPU.ActiveCfg = Debug|Any CPU
		{B3BF88D8-1938-4239-A8E4-FDF7C981376B}.Debug|Any CPU.Build.0 = Debug|Any CPU
		{B3BF88D8-1938-4239-A8E4-FDF7C981376B}.Release|Any CPU.ActiveCfg = Release|Any CPU
		{B3BF88D8-1938-4239-A8E4-FDF7C981376B}.Release|Any CPU.Build.0 = Release|Any CPU
	EndGlobalSection
	GlobalSection(SolutionProperties) = preSolution
		HideSolutionNode = FALSE
	EndGlobalSection
	GlobalSection(ExtensibilityGlobals) = postSolution
		SolutionGuid = {6DACFC2E-5415-4572-ACFB-B248A1DBEB9E}
	EndGlobalSection
EndGlobal
