
Microsoft Visual Studio Solution File, Format Version 12.00
# Visual Studio Version 17
VisualStudioVersion = 17.4.33103.184
MinimumVisualStudioVersion = 10.0.40219.1
Project("{FAE04EC0-301F-11D3-BF4B-00C04F79EFBC}") = "MeinName", "MeinName\MeinName.csproj", "{47E86F33-7323-4C2F-AC18-314319D7C23E}"
EndProject
Global
	GlobalSection(SolutionConfigurationPlatforms) = preSolution
		Debug|Any CPU = Debug|Any CPU
		Release|Any CPU = Release|Any CPU
	EndGlobalSection
	GlobalSection(ProjectConfigurationPlatforms) = postSolution
		{47E86F33-7323-4C2F-AC18-314319D7C23E}.Debug|Any CPU.ActiveCfg = Debug|Any CPU
		{47E86F33-7323-4C2F-AC18-314319D7C23E}.Debug|Any CPU.Build.0 = Debug|Any CPU
		{47E86F33-7323-4C2F-AC18-314319D7C23E}.Release|Any CPU.ActiveCfg = Release|Any CPU
		{47E86F33-7323-4C2F-AC18-314319D7C23E}.Release|Any CPU.Build.0 = Release|Any CPU
	EndGlobalSection
	GlobalSection(SolutionProperties) = preSolution
		HideSolutionNode = FALSE
	EndGlobalSection
	GlobalSection(ExtensibilityGlobals) = postSolution
		SolutionGuid = {46C9C226-AA63-4705-B340-A13E4C655C07}
	EndGlobalSection
EndGlobal
