
Microsoft Visual Studio Solution File, Format Version 12.00
# Visual Studio Version 17
VisualStudioVersion = 17.4.33103.184
MinimumVisualStudioVersion = 10.0.40219.1
Project("{FAE04EC0-301F-11D3-BF4B-00C04F79EFBC}") = "Textfelder", "Textfelder\Textfelder.csproj", "{D1EBB596-1A26-4952-A675-E9C0303A7805}"
EndProject
Global
	GlobalSection(SolutionConfigurationPlatforms) = preSolution
		Debug|Any CPU = Debug|Any CPU
		Release|Any CPU = Release|Any CPU
	EndGlobalSection
	GlobalSection(ProjectConfigurationPlatforms) = postSolution
		{D1EBB596-1A26-4952-A675-E9C0303A7805}.Debug|Any CPU.ActiveCfg = Debug|Any CPU
		{D1EBB596-1A26-4952-A675-E9C0303A7805}.Debug|Any CPU.Build.0 = Debug|Any CPU
		{D1EBB596-1A26-4952-A675-E9C0303A7805}.Release|Any CPU.ActiveCfg = Release|Any CPU
		{D1EBB596-1A26-4952-A675-E9C0303A7805}.Release|Any CPU.Build.0 = Release|Any CPU
	EndGlobalSection
	GlobalSection(SolutionProperties) = preSolution
		HideSolutionNode = FALSE
	EndGlobalSection
	GlobalSection(ExtensibilityGlobals) = postSolution
		SolutionGuid = {6B2335EE-FA98-47E9-BAC6-E21DC06B59EB}
	EndGlobalSection
EndGlobal
