
Microsoft Visual Studio Solution File, Format Version 12.00
# Visual Studio Version 17
VisualStudioVersion = 17.4.33103.184
MinimumVisualStudioVersion = 10.0.40219.1
Project("{FAE04EC0-301F-11D3-BF4B-00C04F79EFBC}") = "Vergleichsoperatoren", "Vergleichsoperatoren\Vergleichsoperatoren.csproj", "{9A80DA3F-02C4-445F-8C81-15630E331BE6}"
EndProject
Global
	GlobalSection(SolutionConfigurationPlatforms) = preSolution
		Debug|Any CPU = Debug|Any CPU
		Release|Any CPU = Release|Any CPU
	EndGlobalSection
	GlobalSection(ProjectConfigurationPlatforms) = postSolution
		{9A80DA3F-02C4-445F-8C81-15630E331BE6}.Debug|Any CPU.ActiveCfg = Debug|Any CPU
		{9A80DA3F-02C4-445F-8C81-15630E331BE6}.Debug|Any CPU.Build.0 = Debug|Any CPU
		{9A80DA3F-02C4-445F-8C81-15630E331BE6}.Release|Any CPU.ActiveCfg = Release|Any CPU
		{9A80DA3F-02C4-445F-8C81-15630E331BE6}.Release|Any CPU.Build.0 = Release|Any CPU
	EndGlobalSection
	GlobalSection(SolutionProperties) = preSolution
		HideSolutionNode = FALSE
	EndGlobalSection
	GlobalSection(ExtensibilityGlobals) = postSolution
		SolutionGuid = {EF4B10B7-F87C-43FF-B603-9751F4AB754F}
	EndGlobalSection
EndGlobal
